
Microsoft Visual Studio Solution File, Format Version 12.00
Project("{FAE04EC0-301F-11D3-BF4B-00C04F79EFBC}") = "Hometask1", "Hometask1\Hometask1.csproj", "{91B0406F-179A-491E-B0B5-20D7FFB4B305}"
EndProject
Project("{FAE04EC0-301F-11D3-BF4B-00C04F79EFBC}") = "Hometask2", "Hometask2\Hometask2.csproj", "{E3BD4E38-C3A2-4D31-89CD-E6FFB68C8F19}"
EndProject
Project("{FAE04EC0-301F-11D3-BF4B-00C04F79EFBC}") = "Hometask3", "Hometask3\Hometask3.csproj", "{2A3EA654-C562-447E-BBC8-821F25FC76AF}"
EndProject
Project("{FAE04EC0-301F-11D3-BF4B-00C04F79EFBC}") = "Hometask4", "Hometask4\Hometask4.csproj", "{28269E51-CA94-4C92-B086-7DCD42C4BA48}"
EndProject
Project("{FAE04EC0-301F-11D3-BF4B-00C04F79EFBC}") = "Hometask5", "Hometask5\Hometask5.csproj", "{437ADA36-EF70-4BE9-B386-789D8F75D1E0}"
EndProject
Project("{FAE04EC0-301F-11D3-BF4B-00C04F79EFBC}") = "Hometask6", "Hometask6\Hometask6.csproj", "{3E7E79E8-DEC6-4A7C-8F6C-E58310792E90}"
EndProject
Project("{FAE04EC0-301F-11D3-BF4B-00C04F79EFBC}") = "Hometask7", "Hometask7\Hometask7.csproj", "{91F1431D-C216-42BD-9378-647CFA0A9363}"
EndProject
Global
	GlobalSection(SolutionConfigurationPlatforms) = preSolution
		Debug|Any CPU = Debug|Any CPU
		Release|Any CPU = Release|Any CPU
	EndGlobalSection
	GlobalSection(ProjectConfigurationPlatforms) = postSolution
		{91B0406F-179A-491E-B0B5-20D7FFB4B305}.Debug|Any CPU.ActiveCfg = Debug|Any CPU
		{91B0406F-179A-491E-B0B5-20D7FFB4B305}.Debug|Any CPU.Build.0 = Debug|Any CPU
		{91B0406F-179A-491E-B0B5-20D7FFB4B305}.Release|Any CPU.ActiveCfg = Release|Any CPU
		{91B0406F-179A-491E-B0B5-20D7FFB4B305}.Release|Any CPU.Build.0 = Release|Any CPU
		{E3BD4E38-C3A2-4D31-89CD-E6FFB68C8F19}.Debug|Any CPU.ActiveCfg = Debug|Any CPU
		{E3BD4E38-C3A2-4D31-89CD-E6FFB68C8F19}.Debug|Any CPU.Build.0 = Debug|Any CPU
		{E3BD4E38-C3A2-4D31-89CD-E6FFB68C8F19}.Release|Any CPU.ActiveCfg = Release|Any CPU
		{E3BD4E38-C3A2-4D31-89CD-E6FFB68C8F19}.Release|Any CPU.Build.0 = Release|Any CPU
		{2A3EA654-C562-447E-BBC8-821F25FC76AF}.Debug|Any CPU.ActiveCfg = Debug|Any CPU
		{2A3EA654-C562-447E-BBC8-821F25FC76AF}.Debug|Any CPU.Build.0 = Debug|Any CPU
		{2A3EA654-C562-447E-BBC8-821F25FC76AF}.Release|Any CPU.ActiveCfg = Release|Any CPU
		{2A3EA654-C562-447E-BBC8-821F25FC76AF}.Release|Any CPU.Build.0 = Release|Any CPU
		{28269E51-CA94-4C92-B086-7DCD42C4BA48}.Debug|Any CPU.ActiveCfg = Debug|Any CPU
		{28269E51-CA94-4C92-B086-7DCD42C4BA48}.Debug|Any CPU.Build.0 = Debug|Any CPU
		{28269E51-CA94-4C92-B086-7DCD42C4BA48}.Release|Any CPU.ActiveCfg = Release|Any CPU
		{28269E51-CA94-4C92-B086-7DCD42C4BA48}.Release|Any CPU.Build.0 = Release|Any CPU
		{437ADA36-EF70-4BE9-B386-789D8F75D1E0}.Debug|Any CPU.ActiveCfg = Debug|Any CPU
		{437ADA36-EF70-4BE9-B386-789D8F75D1E0}.Debug|Any CPU.Build.0 = Debug|Any CPU
		{437ADA36-EF70-4BE9-B386-789D8F75D1E0}.Release|Any CPU.ActiveCfg = Release|Any CPU
		{437ADA36-EF70-4BE9-B386-789D8F75D1E0}.Release|Any CPU.Build.0 = Release|Any CPU
		{3E7E79E8-DEC6-4A7C-8F6C-E58310792E90}.Debug|Any CPU.ActiveCfg = Debug|Any CPU
		{3E7E79E8-DEC6-4A7C-8F6C-E58310792E90}.Debug|Any CPU.Build.0 = Debug|Any CPU
		{3E7E79E8-DEC6-4A7C-8F6C-E58310792E90}.Release|Any CPU.ActiveCfg = Release|Any CPU
		{3E7E79E8-DEC6-4A7C-8F6C-E58310792E90}.Release|Any CPU.Build.0 = Release|Any CPU
		{91F1431D-C216-42BD-9378-647CFA0A9363}.Debug|Any CPU.ActiveCfg = Debug|Any CPU
		{91F1431D-C216-42BD-9378-647CFA0A9363}.Debug|Any CPU.Build.0 = Debug|Any CPU
		{91F1431D-C216-42BD-9378-647CFA0A9363}.Release|Any CPU.ActiveCfg = Release|Any CPU
		{91F1431D-C216-42BD-9378-647CFA0A9363}.Release|Any CPU.Build.0 = Release|Any CPU
	EndGlobalSection
EndGlobal
